{
  "name": "graphene-cli",
  "version": "1.0.7",
  "lockfileVersion": 1,
  "requires": true,
  "dependencies": {
    "@types/node": {
      "version": "14.14.10",
      "resolved": "https://registry.npmjs.org/@types/node/-/node-14.14.10.tgz",
      "integrity": "sha512-J32dgx2hw8vXrSbu4ZlVhn1Nm3GbeCFNw2FWL8S5QKucHGY0cyNwjdQdO+KMBZ4wpmC7KhLCiNsdk1RFRIYUQQ==",
      "dev": true
    },
    "graphene-pk11": {
      "version": "2.2.1",
      "resolved": "https://registry.npmjs.org/graphene-pk11/-/graphene-pk11-2.2.1.tgz",
      "integrity": "sha512-DFpDIH2HvubZcPLOLKDMbvyUonppfoxwmcarxz7vhUZ+NcMVVxWKfDB5HDZguKsAe9y8IgdoHIgBx2jP6wuMlw==",
      "requires": {
        "int64-buffer": "^1.0.0",
        "pkcs11js": "^1.2.0",
        "tslib": "^2.0.3"
      }
    },
    "int64-buffer": {
      "version": "1.0.0",
      "resolved": "https://registry.npmjs.org/int64-buffer/-/int64-buffer-1.0.0.tgz",
      "integrity": "sha512-yD4sihjB6Puqlk7hL3Cz0/0C6dtueUcf70mUbgioNQacgi4+pkoC9t0TkRetHvm+zvajyb7WaJZ6Bq4Xax3nTQ=="
    },
    "nan": {
      "version": "2.14.2",
      "resolved": "https://registry.npmjs.org/nan/-/nan-2.14.2.tgz",
      "integrity": "sha512-M2ufzIiINKCuDfBSAUr1vWQ+vuVcA9kqx8JJUsbQi6yf1uGRyb7HfpdfUr5qLXf3B/t8dPvcjhKMmlfnP47EzQ=="
    },
    "pkcs11js": {
      "version": "1.2.0",
      "resolved": "https://registry.npmjs.org/pkcs11js/-/pkcs11js-1.2.0.tgz",
      "integrity": "sha512-sDSRkMOQnybT7NY62hHzMpYFPoJQ+YrtLxylpsg4WfhgV32CRCvCf7s9YIXjwSqv9dvJsPACvMQfL7Kh+qXJxw==",
      "requires": {
        "nan": "^2.14.2"
      }
    },
    "tslib": {
      "version": "2.0.3",
      "resolved": "https://registry.npmjs.org/tslib/-/tslib-2.0.3.tgz",
      "integrity": "sha512-uZtkfKblCEQtZKBF6EBXVZeQNl82yqtDQdv+eck8u7tdPxjLu2/lp5/uPW+um2tpuxINHWy3GhiccY7QgEaVHQ=="
    },
    "typescript": {
      "version": "4.1.2",
      "resolved": "https://registry.npmjs.org/typescript/-/typescript-4.1.2.tgz",
      "integrity": "sha512-thGloWsGH3SOxv1SoY7QojKi0tc+8FnOmiarEGMbd/lar7QOEd3hvlx3Fp5y6FlDUGl9L+pd4n2e+oToGMmhRQ==",
      "dev": true
    }
  }
}
