{
  "name": "graphene-cli",
  "version": "1.0.5",
  "lockfileVersion": 1,
  "requires": true,
  "dependencies": {
    "@types/events": {
      "version": "1.1.0",
      "resolved": "https://registry.npmjs.org/@types/events/-/events-1.1.0.tgz",
      "integrity": "sha512-y3bR98mzYOo0pAZuiLari+cQyiKk3UXRuT45h1RjhfeCzqkjaVsfZJNaxdgtk7/3tzOm1ozLTqEqMP3VbI48jw==",
      "dev": true
    },
    "@types/node": {
      "version": "8.0.54",
      "resolved": "https://registry.npmjs.org/@types/node/-/node-8.0.54.tgz",
      "integrity": "sha512-qetMdTv3Ytz9u9ESLdcYs45LPI0mczYZIbC184n7kY0jczOqPNQsabBfVCh+na3B2shAfvC459JqHV771A8Rxg==",
      "dev": true,
      "requires": {
        "@types/events": "1.1.0"
      }
    },
    "graphene-pk11": {
      "version": "2.0.28",
      "resolved": "https://registry.npmjs.org/graphene-pk11/-/graphene-pk11-2.0.28.tgz",
      "integrity": "sha512-pLezvkwKsqxalrwx9B52WT+QqUCoYON/hVXJYE3yJnrzJywsPXk89Oanj9FRZejS0sqiG6R7TiTWa0IeWl+wBg==",
      "requires": {
        "pkcs11js": "1.0.10",
        "tslib": "1.8.0"
      }
    },
    "nan": {
      "version": "2.8.0",
      "resolved": "https://registry.npmjs.org/nan/-/nan-2.8.0.tgz",
      "integrity": "sha1-7XFfP+neArV6XmJS2QqWZ14fCFo="
    },
    "pkcs11js": {
      "version": "1.0.10",
      "resolved": "https://registry.npmjs.org/pkcs11js/-/pkcs11js-1.0.10.tgz",
      "integrity": "sha512-RZQ0MkksFoTTik+hH4JvnICLnVcMA+pjtwt81p3u9yBAtEIIBIUNaJNn0au+jo//wu/BHvVfTXs8XRQloSG79w==",
      "requires": {
        "nan": "2.8.0"
      }
    },
    "tslib": {
      "version": "1.8.0",
      "resolved": "https://registry.npmjs.org/tslib/-/tslib-1.8.0.tgz",
      "integrity": "sha512-ymKWWZJST0/CkgduC2qkzjMOWr4bouhuURNXCn/inEX0L57BnRG6FhX76o7FOnsjHazCjfU2LKeSrlS2sIKQJg=="
    },
    "typescript": {
      "version": "2.6.2",
      "resolved": "https://registry.npmjs.org/typescript/-/typescript-2.6.2.tgz",
      "integrity": "sha1-PFtv1/beCRQmkCfwPAlGdY92c6Q=",
      "dev": true
    }
  }
}
