{
  "name": "graphene-cli",
  "version": "1.0.6",
  "lockfileVersion": 1,
  "requires": true,
  "dependencies": {
    "@types/mocha": {
      "version": "5.2.7",
      "resolved": "https://registry.npmjs.org/@types/mocha/-/mocha-5.2.7.tgz",
      "integrity": "sha512-NYrtPht0wGzhwe9+/idPaBB+TqkY9AhTvOLMkThm0IoEfLaiVQZwBwyJ5puCkO3AUCWrmcoePjp2mbFocKy4SQ=="
    },
    "@types/node": {
      "version": "9.6.49",
      "resolved": "https://registry.npmjs.org/@types/node/-/node-9.6.49.tgz",
      "integrity": "sha512-YY0Okyn4QXC4ugJI+Kng5iWjK8A6eIHiQVaGIhJkyn0YL6Iqo0E0tBC8BuhvYcBK87vykBijM5FtMnCqaa5anA==",
      "dev": true
    },
    "graphene-pk11": {
      "version": "2.1.2",
      "resolved": "https://registry.npmjs.org/graphene-pk11/-/graphene-pk11-2.1.2.tgz",
      "integrity": "sha512-0sR0dbZOKrnse+YQDONQ3zNbwEpqd3/yxT1hzlZzeOZf+pH3ZDg6ccx1z5wNCOf563vDcgNLlnj/r7c7rTKM+g==",
      "requires": {
        "@types/mocha": "^5.2.5",
        "int64-buffer": "^0.99.1007",
        "pkcs11js": "^1.0.17",
        "tslib": "^1.9.3"
      }
    },
    "int64-buffer": {
      "version": "0.99.1007",
      "resolved": "https://registry.npmjs.org/int64-buffer/-/int64-buffer-0.99.1007.tgz",
      "integrity": "sha512-XDBEu44oSTqlvCSiOZ/0FoUkpWu/vwjJLGSKDabNISPQNZ5wub1FodGHBljRsrR0IXRPq7SslshZYMuA55CgTQ=="
    },
    "nan": {
      "version": "2.14.0",
      "resolved": "https://registry.npmjs.org/nan/-/nan-2.14.0.tgz",
      "integrity": "sha512-INOFj37C7k3AfaNTtX8RhsTw7qRy7eLET14cROi9+5HAVbbHuIWUHEauBv5qT4Av2tWasiTY1Jw6puUNqRJXQg=="
    },
    "pkcs11js": {
      "version": "1.0.18",
      "resolved": "https://registry.npmjs.org/pkcs11js/-/pkcs11js-1.0.18.tgz",
      "integrity": "sha512-1MYcEAPhy+T1NbiBUw0WwllKXC0sxDCRQGLsks7AtFsaf88F/f+ukdSmCqV3Xyc0RNLIdTX/soy0zyNHOWQezw==",
      "requires": {
        "nan": "^2.14.0"
      }
    },
    "tslib": {
      "version": "1.10.0",
      "resolved": "https://registry.npmjs.org/tslib/-/tslib-1.10.0.tgz",
      "integrity": "sha512-qOebF53frne81cf0S9B41ByenJ3/IuH8yJKngAX35CmiZySA0khhkovshKK+jGCaMnVomla7gVlIcc3EvKPbTQ=="
    },
    "typescript": {
      "version": "2.9.2",
      "resolved": "https://registry.npmjs.org/typescript/-/typescript-2.9.2.tgz",
      "integrity": "sha512-Gr4p6nFNaoufRIY4NMdpQRNmgxVIGMs4Fcu/ujdYk3nAZqk7supzBE9idmvfZIlH/Cuj//dvi+019qEue9lV0w==",
      "dev": true
    }
  }
}
