# THIS IS AN AUTOGENERATED FILE. DO NOT EDIT THIS FILE DIRECTLY.
# yarn lockfile v1


"@types/node@^14.14.10":
  version "14.17.11"
  resolved "https://registry.yarnpkg.com/@types/node/-/node-14.17.11.tgz#82d266d657aec5ff01ca59f2ffaff1bb43f7bf0f"
  integrity sha512-n2OQ+0Bz6WEsUjrvcHD1xZ8K+Kgo4cn9/w94s1bJS690QMUWfJPW/m7CCb7gPkA1fcYwL2UpjXP/rq/Eo41m6w==

graphene-pk11@^2.2.1:
  version "2.3.0"
  resolved "https://registry.yarnpkg.com/graphene-pk11/-/graphene-pk11-2.3.0.tgz#4fd3d0ab6c633decd9d443a999c4a257a1650c8e"
  integrity sha512-mgc3ux5yyJs0G5YAaO3hkNT4D86D1bPgLQH4ts2Wfn41braLAC2utlzB7R9bp4w9zPNPfJPXPb8mE8md/1BEZg==
  dependencies:
    pkcs11js "^1.2.3"
    tslib "^2.3.1"

nan@^2.14.2:
  version "2.15.0"
  resolved "https://registry.yarnpkg.com/nan/-/nan-2.15.0.tgz#3f34a473ff18e15c1b5626b62903b5ad6e665fee"
  integrity sha512-8ZtvEnA2c5aYCZYd1cvgdnU6cqwixRoYg70xPLWUws5ORTa/lnw+u4amixRS/Ac5U5mQVgp9pnlSUnbNWFaWZQ==

pkcs11js@^1.2.3:
  version "1.2.6"
  resolved "https://registry.yarnpkg.com/pkcs11js/-/pkcs11js-1.2.6.tgz#e0e8589899afd9f1c0d21f340736f8070728de5d"
  integrity sha512-G3mgp0jcTO2A0fcqPdHEU4xYsmZgztMH10RmtUzTjf3pWxWaX7K3wTWVZInE6OaBucUS3d6St+8eUkqO44Hi3Q==
  dependencies:
    nan "^2.14.2"

tslib@^2.0.3, tslib@^2.3.1:
  version "2.3.1"
  resolved "https://registry.yarnpkg.com/tslib/-/tslib-2.3.1.tgz#e8a335add5ceae51aa261d32a490158ef042ef01"
  integrity sha512-77EbyPPpMz+FRFRuAFlWMtmgUWGe9UOG2Z25NqCwiIjRhOf5iKGuzSe5P2w1laq+FkRy4p+PCuVkJSGkzTEKVw==

typescript@^4.1.2:
  version "4.3.5"
  resolved "https://registry.yarnpkg.com/typescript/-/typescript-4.3.5.tgz#4d1c37cc16e893973c45a06886b7113234f119f4"
  integrity sha512-DqQgihaQ9cUrskJo9kIyW/+g0Vxsk8cDtZ52a3NGh0YNTfpUSArXSohyUGnvbPazEPLu398C0UxmKSOrPumUzA==
